
Microsoft Visual Studio Solution File, Format Version 12.00
# Visual Studio Version 16
VisualStudioVersion = 16.0.34601.136
MinimumVisualStudioVersion = 10.0.40219.1
Project("{FAE04EC0-301F-11D3-BF4B-00C04F79EFBC}") = "lab4s4", "lab4s4\lab4s4.csproj", "{495A83E3-2A13-43D1-9B72-A7B8D03669EF}"
EndProject
Global
	GlobalSection(SolutionConfigurationPlatforms) = preSolution
		Debug|Any CPU = Debug|Any CPU
		Release|Any CPU = Release|Any CPU
	EndGlobalSection
	GlobalSection(ProjectConfigurationPlatforms) = postSolution
		{495A83E3-2A13-43D1-9B72-A7B8D03669EF}.Debug|Any CPU.ActiveCfg = Debug|Any CPU
		{495A83E3-2A13-43D1-9B72-A7B8D03669EF}.Debug|Any CPU.Build.0 = Debug|Any CPU
		{495A83E3-2A13-43D1-9B72-A7B8D03669EF}.Release|Any CPU.ActiveCfg = Release|Any CPU
		{495A83E3-2A13-43D1-9B72-A7B8D03669EF}.Release|Any CPU.Build.0 = Release|Any CPU
	EndGlobalSection
	GlobalSection(SolutionProperties) = preSolution
		HideSolutionNode = FALSE
	EndGlobalSection
	GlobalSection(ExtensibilityGlobals) = postSolution
		SolutionGuid = {83F237CF-8C43-4412-87BD-55E4A1DA7B09}
	EndGlobalSection
EndGlobal
